
Microsoft Visual Studio Solution File, Format Version 12.00
# Visual Studio Version 17
VisualStudioVersion = 17.10.35122.118
MinimumVisualStudioVersion = 10.0.40219.1
Project("{FAE04EC0-301F-11D3-BF4B-00C04F79EFBC}") = "KaarvensBackend", "KaarvensBackend\KaarvensBackend.csproj", "{B934B31F-9C8C-4752-94BF-7AE932D32A96}"
EndProject
Global
	GlobalSection(SolutionConfigurationPlatforms) = preSolution
		Debug|Any CPU = Debug|Any CPU
		Release|Any CPU = Release|Any CPU
	EndGlobalSection
	GlobalSection(ProjectConfigurationPlatforms) = postSolution
		{B934B31F-9C8C-4752-94BF-7AE932D32A96}.Debug|Any CPU.ActiveCfg = Debug|Any CPU
		{B934B31F-9C8C-4752-94BF-7AE932D32A96}.Debug|Any CPU.Build.0 = Debug|Any CPU
		{B934B31F-9C8C-4752-94BF-7AE932D32A96}.Release|Any CPU.ActiveCfg = Release|Any CPU
		{B934B31F-9C8C-4752-94BF-7AE932D32A96}.Release|Any CPU.Build.0 = Release|Any CPU
	EndGlobalSection
	GlobalSection(SolutionProperties) = preSolution
		HideSolutionNode = FALSE
	EndGlobalSection
	GlobalSection(ExtensibilityGlobals) = postSolution
		SolutionGuid = {26DC0644-63F7-446C-8F17-446D1AE257C2}
	EndGlobalSection
EndGlobal
